
Microsoft Visual Studio Solution File, Format Version 12.00
# Visual Studio Version 16
VisualStudioVersion = 16.0.30523.141
MinimumVisualStudioVersion = 10.0.40219.1
Project("{FAE04EC0-301F-11D3-BF4B-00C04F79EFBC}") = "Agenda.Desktop", "Agenda.Desktop\Agenda.Desktop.csproj", "{8E70DD21-90CA-4764-9809-573EA8F726A0}"
EndProject
Project("{FAE04EC0-301F-11D3-BF4B-00C04F79EFBC}") = "Agenda.DAL", "Agenda.DAL\Agenda.DAL.csproj", "{61BE6F3A-0BE2-4364-BFB8-F4CE215C4176}"
EndProject
Project("{FAE04EC0-301F-11D3-BF4B-00C04F79EFBC}") = "Agenda.DAL.Test", "Agenda.DAL.Test\Agenda.DAL.Test.csproj", "{4519EC24-93C8-417C-BC62-495EFD05D3C7}"
EndProject
Project("{FAE04EC0-301F-11D3-BF4B-00C04F79EFBC}") = "Agenda.Domain", "Agenda.Domain\Agenda.Domain.csproj", "{D18BA8C9-23B4-47EC-BEB6-F812BCE2EAD3}"
EndProject
Project("{FAE04EC0-301F-11D3-BF4B-00C04F79EFBC}") = "Agenda.Repos", "Agenda.Repos\Agenda.Repos.csproj", "{6D566EEE-4283-4BC1-AA00-032DF68D86BF}"
EndProject
Project("{2150E333-8FDC-42A3-9474-1A3956D46DE8}") = "Testes", "Testes", "{B489E05B-06F7-4713-A3C2-CC8DB700301B}"
EndProject
Project("{FAE04EC0-301F-11D3-BF4B-00C04F79EFBC}") = "Agenda.Repos.Test", "Agenda.Respos.Test\Agenda.Repos.Test.csproj", "{231ACCE4-A69A-4F31-825B-69A85525B75A}"
EndProject
Project("{2150E333-8FDC-42A3-9474-1A3956D46DE8}") = "Solution Items", "Solution Items", "{31CA5202-C73F-4A3D-AB93-713E0A75F645}"
	ProjectSection(SolutionItems) = preProject
		README.md = README.md
	EndProjectSection
EndProject
Global
	GlobalSection(SolutionConfigurationPlatforms) = preSolution
		Debug|Any CPU = Debug|Any CPU
		Release|Any CPU = Release|Any CPU
	EndGlobalSection
	GlobalSection(ProjectConfigurationPlatforms) = postSolution
		{8E70DD21-90CA-4764-9809-573EA8F726A0}.Debug|Any CPU.ActiveCfg = Debug|Any CPU
		{8E70DD21-90CA-4764-9809-573EA8F726A0}.Debug|Any CPU.Build.0 = Debug|Any CPU
		{8E70DD21-90CA-4764-9809-573EA8F726A0}.Release|Any CPU.ActiveCfg = Release|Any CPU
		{8E70DD21-90CA-4764-9809-573EA8F726A0}.Release|Any CPU.Build.0 = Release|Any CPU
		{61BE6F3A-0BE2-4364-BFB8-F4CE215C4176}.Debug|Any CPU.ActiveCfg = Debug|Any CPU
		{61BE6F3A-0BE2-4364-BFB8-F4CE215C4176}.Debug|Any CPU.Build.0 = Debug|Any CPU
		{61BE6F3A-0BE2-4364-BFB8-F4CE215C4176}.Release|Any CPU.ActiveCfg = Release|Any CPU
		{61BE6F3A-0BE2-4364-BFB8-F4CE215C4176}.Release|Any CPU.Build.0 = Release|Any CPU
		{4519EC24-93C8-417C-BC62-495EFD05D3C7}.Debug|Any CPU.ActiveCfg = Debug|Any CPU
		{4519EC24-93C8-417C-BC62-495EFD05D3C7}.Debug|Any CPU.Build.0 = Debug|Any CPU
		{4519EC24-93C8-417C-BC62-495EFD05D3C7}.Release|Any CPU.ActiveCfg = Release|Any CPU
		{4519EC24-93C8-417C-BC62-495EFD05D3C7}.Release|Any CPU.Build.0 = Release|Any CPU
		{D18BA8C9-23B4-47EC-BEB6-F812BCE2EAD3}.Debug|Any CPU.ActiveCfg = Debug|Any CPU
		{D18BA8C9-23B4-47EC-BEB6-F812BCE2EAD3}.Debug|Any CPU.Build.0 = Debug|Any CPU
		{D18BA8C9-23B4-47EC-BEB6-F812BCE2EAD3}.Release|Any CPU.ActiveCfg = Release|Any CPU
		{D18BA8C9-23B4-47EC-BEB6-F812BCE2EAD3}.Release|Any CPU.Build.0 = Release|Any CPU
		{6D566EEE-4283-4BC1-AA00-032DF68D86BF}.Debug|Any CPU.ActiveCfg = Debug|Any CPU
		{6D566EEE-4283-4BC1-AA00-032DF68D86BF}.Debug|Any CPU.Build.0 = Debug|Any CPU
		{6D566EEE-4283-4BC1-AA00-032DF68D86BF}.Release|Any CPU.ActiveCfg = Release|Any CPU
		{6D566EEE-4283-4BC1-AA00-032DF68D86BF}.Release|Any CPU.Build.0 = Release|Any CPU
		{231ACCE4-A69A-4F31-825B-69A85525B75A}.Debug|Any CPU.ActiveCfg = Debug|Any CPU
		{231ACCE4-A69A-4F31-825B-69A85525B75A}.Debug|Any CPU.Build.0 = Debug|Any CPU
		{231ACCE4-A69A-4F31-825B-69A85525B75A}.Release|Any CPU.ActiveCfg = Release|Any CPU
		{231ACCE4-A69A-4F31-825B-69A85525B75A}.Release|Any CPU.Build.0 = Release|Any CPU
	EndGlobalSection
	GlobalSection(SolutionProperties) = preSolution
		HideSolutionNode = FALSE
	EndGlobalSection
	GlobalSection(NestedProjects) = preSolution
		{4519EC24-93C8-417C-BC62-495EFD05D3C7} = {B489E05B-06F7-4713-A3C2-CC8DB700301B}
		{231ACCE4-A69A-4F31-825B-69A85525B75A} = {B489E05B-06F7-4713-A3C2-CC8DB700301B}
	EndGlobalSection
	GlobalSection(ExtensibilityGlobals) = postSolution
		SolutionGuid = {E977BF1B-0056-441E-A1B0-7E807D66217D}
	EndGlobalSection
EndGlobal
